
Microsoft Visual Studio Solution File, Format Version 12.00
# Visual Studio Version 18
VisualStudioVersion = 18.0.11222.15
MinimumVisualStudioVersion = 10.0.40219.1
Project("{E53339B2-1760-4266-BCC7-CA923CBCF16C}") = "docker-compose", "docker-compose.dcproj", "{81DDED9D-158B-E303-5F62-77A2896D2A5A}"
EndProject
Project("{2150E333-8FDC-42A3-9474-1A3956D46DE8}") = "Solution Items", "Solution Items", "{8EC462FD-D22E-90A8-E5CE-7E832BA40C5D}"
	ProjectSection(SolutionItems) = preProject
		.editorconfig = .editorconfig
		.github\workflows\deploy.yml = .github\workflows\deploy.yml
	EndProjectSection
EndProject
Project("{FAE04EC0-301F-11D3-BF4B-00C04F79EFBC}") = "DiscordWhoIs.Core", "DiscordWhoIs.Core\DiscordWhoIs.Core.csproj", "{8AFA9E96-4324-621E-6DFD-38E97F667D54}"
EndProject
Project("{FAE04EC0-301F-11D3-BF4B-00C04F79EFBC}") = "DiscordWhoIs.Web", "DiscordWhoIs.Web\DiscordWhoIs.Web.csproj", "{CBD6FF5C-6780-E7EA-C42F-200A7AA45657}"
EndProject
Project("{FAE04EC0-301F-11D3-BF4B-00C04F79EFBC}") = "DiscordWhoIs.Worker", "DiscordWhoIs.Worker\DiscordWhoIs.Worker.csproj", "{60E2E81E-D297-C5C5-D3A5-3A8F1C99C819}"
EndProject
Global
	GlobalSection(SolutionConfigurationPlatforms) = preSolution
		Debug|Any CPU = Debug|Any CPU
		Release|Any CPU = Release|Any CPU
	EndGlobalSection
	GlobalSection(ProjectConfigurationPlatforms) = postSolution
		{81DDED9D-158B-E303-5F62-77A2896D2A5A}.Debug|Any CPU.ActiveCfg = Debug|Any CPU
		{81DDED9D-158B-E303-5F62-77A2896D2A5A}.Debug|Any CPU.Build.0 = Debug|Any CPU
		{81DDED9D-158B-E303-5F62-77A2896D2A5A}.Release|Any CPU.ActiveCfg = Release|Any CPU
		{81DDED9D-158B-E303-5F62-77A2896D2A5A}.Release|Any CPU.Build.0 = Release|Any CPU
		{8AFA9E96-4324-621E-6DFD-38E97F667D54}.Debug|Any CPU.ActiveCfg = Debug|Any CPU
		{8AFA9E96-4324-621E-6DFD-38E97F667D54}.Debug|Any CPU.Build.0 = Debug|Any CPU
		{8AFA9E96-4324-621E-6DFD-38E97F667D54}.Release|Any CPU.ActiveCfg = Release|Any CPU
		{8AFA9E96-4324-621E-6DFD-38E97F667D54}.Release|Any CPU.Build.0 = Release|Any CPU
		{CBD6FF5C-6780-E7EA-C42F-200A7AA45657}.Debug|Any CPU.ActiveCfg = Debug|Any CPU
		{CBD6FF5C-6780-E7EA-C42F-200A7AA45657}.Debug|Any CPU.Build.0 = Debug|Any CPU
		{CBD6FF5C-6780-E7EA-C42F-200A7AA45657}.Release|Any CPU.ActiveCfg = Release|Any CPU
		{CBD6FF5C-6780-E7EA-C42F-200A7AA45657}.Release|Any CPU.Build.0 = Release|Any CPU
		{60E2E81E-D297-C5C5-D3A5-3A8F1C99C819}.Debug|Any CPU.ActiveCfg = Debug|Any CPU
		{60E2E81E-D297-C5C5-D3A5-3A8F1C99C819}.Debug|Any CPU.Build.0 = Debug|Any CPU
		{60E2E81E-D297-C5C5-D3A5-3A8F1C99C819}.Release|Any CPU.ActiveCfg = Release|Any CPU
		{60E2E81E-D297-C5C5-D3A5-3A8F1C99C819}.Release|Any CPU.Build.0 = Release|Any CPU
	EndGlobalSection
	GlobalSection(SolutionProperties) = preSolution
		HideSolutionNode = FALSE
	EndGlobalSection
	GlobalSection(ExtensibilityGlobals) = postSolution
		SolutionGuid = {2DF5567C-C871-46D9-A064-C6A5662339D2}
	EndGlobalSection
EndGlobal
